
Microsoft Visual Studio Solution File, Format Version 12.00
# Visual Studio Version 17
VisualStudioVersion = 17.5.33530.505
MinimumVisualStudioVersion = 10.0.40219.1
Project("{FAE04EC0-301F-11D3-BF4B-00C04F79EFBC}") = "app_calculo_de_media", "app_calculo_de_media\app_calculo_de_media.csproj", "{80CC7348-ACEC-45FB-98AF-91157965134D}"
EndProject
Global
	GlobalSection(SolutionConfigurationPlatforms) = preSolution
		Debug|Any CPU = Debug|Any CPU
		Release|Any CPU = Release|Any CPU
	EndGlobalSection
	GlobalSection(ProjectConfigurationPlatforms) = postSolution
		{80CC7348-ACEC-45FB-98AF-91157965134D}.Debug|Any CPU.ActiveCfg = Debug|Any CPU
		{80CC7348-ACEC-45FB-98AF-91157965134D}.Debug|Any CPU.Build.0 = Debug|Any CPU
		{80CC7348-ACEC-45FB-98AF-91157965134D}.Release|Any CPU.ActiveCfg = Release|Any CPU
		{80CC7348-ACEC-45FB-98AF-91157965134D}.Release|Any CPU.Build.0 = Release|Any CPU
	EndGlobalSection
	GlobalSection(SolutionProperties) = preSolution
		HideSolutionNode = FALSE
	EndGlobalSection
	GlobalSection(ExtensibilityGlobals) = postSolution
		SolutionGuid = {6DA9AC6E-8E9A-4287-8EF6-2F30CF9E2BF6}
	EndGlobalSection
EndGlobal
