
Microsoft Visual Studio Solution File, Format Version 12.00
# Visual Studio Version 17
VisualStudioVersion = 17.5.33530.505
MinimumVisualStudioVersion = 10.0.40219.1
Project("{FAE04EC0-301F-11D3-BF4B-00C04F79EFBC}") = "CNPJ_CPF DE NOVO", "CNPJ_CPF DE NOVO\CNPJ_CPF DE NOVO.csproj", "{17245E24-B45E-45E1-8B5F-62E84E8C5596}"
EndProject
Global
	GlobalSection(SolutionConfigurationPlatforms) = preSolution
		Debug|Any CPU = Debug|Any CPU
		Release|Any CPU = Release|Any CPU
	EndGlobalSection
	GlobalSection(ProjectConfigurationPlatforms) = postSolution
		{17245E24-B45E-45E1-8B5F-62E84E8C5596}.Debug|Any CPU.ActiveCfg = Debug|Any CPU
		{17245E24-B45E-45E1-8B5F-62E84E8C5596}.Debug|Any CPU.Build.0 = Debug|Any CPU
		{17245E24-B45E-45E1-8B5F-62E84E8C5596}.Release|Any CPU.ActiveCfg = Release|Any CPU
		{17245E24-B45E-45E1-8B5F-62E84E8C5596}.Release|Any CPU.Build.0 = Release|Any CPU
	EndGlobalSection
	GlobalSection(SolutionProperties) = preSolution
		HideSolutionNode = FALSE
	EndGlobalSection
	GlobalSection(ExtensibilityGlobals) = postSolution
		SolutionGuid = {16FD7D96-4AB5-4FC2-8A6C-8EB7220BB732}
	EndGlobalSection
EndGlobal
