
Microsoft Visual Studio Solution File, Format Version 12.00
# Visual Studio Version 17
VisualStudioVersion = 17.5.33530.505
MinimumVisualStudioVersion = 10.0.40219.1
Project("{FAE04EC0-301F-11D3-BF4B-00C04F79EFBC}") = "AtividadeCPF", "AtividadeCPF\AtividadeCPF.csproj", "{D1F012F0-83FE-4195-AAF5-3F5F4074CDC7}"
EndProject
Global
	GlobalSection(SolutionConfigurationPlatforms) = preSolution
		Debug|Any CPU = Debug|Any CPU
		Release|Any CPU = Release|Any CPU
	EndGlobalSection
	GlobalSection(ProjectConfigurationPlatforms) = postSolution
		{D1F012F0-83FE-4195-AAF5-3F5F4074CDC7}.Debug|Any CPU.ActiveCfg = Debug|Any CPU
		{D1F012F0-83FE-4195-AAF5-3F5F4074CDC7}.Debug|Any CPU.Build.0 = Debug|Any CPU
		{D1F012F0-83FE-4195-AAF5-3F5F4074CDC7}.Release|Any CPU.ActiveCfg = Release|Any CPU
		{D1F012F0-83FE-4195-AAF5-3F5F4074CDC7}.Release|Any CPU.Build.0 = Release|Any CPU
	EndGlobalSection
	GlobalSection(SolutionProperties) = preSolution
		HideSolutionNode = FALSE
	EndGlobalSection
	GlobalSection(ExtensibilityGlobals) = postSolution
		SolutionGuid = {505124F9-B07C-4A79-B3EF-EED0669AF10D}
	EndGlobalSection
EndGlobal
